
Microsoft Visual Studio Solution File, Format Version 12.00
# Visual Studio Version 17
VisualStudioVersion = 17.8.34330.188
MinimumVisualStudioVersion = 10.0.40219.1
Project("{9A19103F-16F7-4668-BE54-9A1E7A4F7556}") = "HopeEngine", "HopeEngine.csproj", "{AF6C75E7-E340-43AC-BC06-A7CDF6D60885}"
EndProject
Project("{2150E333-8FDC-42A3-9474-1A3956D46DE8}") = "Solution Items", "Solution Items", "{202699CF-E6FF-423E-8A47-7F7858587CB3}"
	ProjectSection(SolutionItems) = preProject
		.editorconfig = .editorconfig
	EndProjectSection
EndProject
Global
	GlobalSection(SolutionConfigurationPlatforms) = preSolution
		Debug|Any CPU = Debug|Any CPU
		Release|Any CPU = Release|Any CPU
	EndGlobalSection
	GlobalSection(ProjectConfigurationPlatforms) = postSolution
		{AF6C75E7-E340-43AC-BC06-A7CDF6D60885}.Debug|Any CPU.ActiveCfg = Debug|Any CPU
		{AF6C75E7-E340-43AC-BC06-A7CDF6D60885}.Debug|Any CPU.Build.0 = Debug|Any CPU
		{AF6C75E7-E340-43AC-BC06-A7CDF6D60885}.Release|Any CPU.ActiveCfg = Release|Any CPU
		{AF6C75E7-E340-43AC-BC06-A7CDF6D60885}.Release|Any CPU.Build.0 = Release|Any CPU
	EndGlobalSection
	GlobalSection(SolutionProperties) = preSolution
		HideSolutionNode = FALSE
	EndGlobalSection
	GlobalSection(ExtensibilityGlobals) = postSolution
		SolutionGuid = {8149867C-6F14-4A1D-BA8B-81DA04AF2022}
	EndGlobalSection
EndGlobal
